
Microsoft Visual Studio Solution File, Format Version 12.00
# Visual Studio Version 16
VisualStudioVersion = 16.0.32106.194
MinimumVisualStudioVersion = 10.0.40219.1
Project("{FAE04EC0-301F-11D3-BF4B-00C04F79EFBC}") = "Service", "Service\Service.csproj", "{F85CDC2E-5CE1-4CB4-89D0-4A9035D0F35F}"
EndProject
Project("{FAE04EC0-301F-11D3-BF4B-00C04F79EFBC}") = "Employee", "Employee\Employee.csproj", "{C9B57A37-2A52-44F1-97E1-9E5917A755EC}"
EndProject
Project("{FAE04EC0-301F-11D3-BF4B-00C04F79EFBC}") = "Admin", "Admin\Admin.csproj", "{F1018CF7-D0DD-4772-AA5A-F5C0F7F03593}"
EndProject
Global
	GlobalSection(SolutionConfigurationPlatforms) = preSolution
		Debug|Any CPU = Debug|Any CPU
		Release|Any CPU = Release|Any CPU
	EndGlobalSection
	GlobalSection(ProjectConfigurationPlatforms) = postSolution
		{F85CDC2E-5CE1-4CB4-89D0-4A9035D0F35F}.Debug|Any CPU.ActiveCfg = Debug|Any CPU
		{F85CDC2E-5CE1-4CB4-89D0-4A9035D0F35F}.Debug|Any CPU.Build.0 = Debug|Any CPU
		{F85CDC2E-5CE1-4CB4-89D0-4A9035D0F35F}.Release|Any CPU.ActiveCfg = Release|Any CPU
		{F85CDC2E-5CE1-4CB4-89D0-4A9035D0F35F}.Release|Any CPU.Build.0 = Release|Any CPU
		{C9B57A37-2A52-44F1-97E1-9E5917A755EC}.Debug|Any CPU.ActiveCfg = Debug|Any CPU
		{C9B57A37-2A52-44F1-97E1-9E5917A755EC}.Debug|Any CPU.Build.0 = Debug|Any CPU
		{C9B57A37-2A52-44F1-97E1-9E5917A755EC}.Release|Any CPU.ActiveCfg = Release|Any CPU
		{C9B57A37-2A52-44F1-97E1-9E5917A755EC}.Release|Any CPU.Build.0 = Release|Any CPU
		{F1018CF7-D0DD-4772-AA5A-F5C0F7F03593}.Debug|Any CPU.ActiveCfg = Debug|Any CPU
		{F1018CF7-D0DD-4772-AA5A-F5C0F7F03593}.Debug|Any CPU.Build.0 = Debug|Any CPU
		{F1018CF7-D0DD-4772-AA5A-F5C0F7F03593}.Release|Any CPU.ActiveCfg = Release|Any CPU
		{F1018CF7-D0DD-4772-AA5A-F5C0F7F03593}.Release|Any CPU.Build.0 = Release|Any CPU
	EndGlobalSection
	GlobalSection(SolutionProperties) = preSolution
		HideSolutionNode = FALSE
	EndGlobalSection
	GlobalSection(ExtensibilityGlobals) = postSolution
		SolutionGuid = {BAFD5507-DBB7-45EC-A499-6D824E1FB016}
	EndGlobalSection
EndGlobal
